{
  "pins" : [
    {
      "identity" : "apollon-ios-module",
      "kind" : "remoteSourceControl",
      "location" : "https://github.com/ls1intum/apollon-ios-module",
      "state" : {
        "revision" : "8c366b0d71732899e453b1dcfd8b7b54a15e8712",
        "version" : "1.0.4"
      }
    },
    {
      "identity" : "swiftybeaver",
      "kind" : "remoteSourceControl",
      "location" : "https://github.com/SwiftyBeaver/SwiftyBeaver.git",
      "state" : {
        "revision" : "12b5acf96d98f91d50de447369bd18df74600f1a",
        "version" : "1.9.6"
      }
    }
  ],
  "version" : 2
}
