// !$*UTF8*$!
{
	archiveVersion = 1;
	classes = {
	};
	objectVersion = 56;
	objects = {

/* Begin PBXBuildFile section */
		0672FC7D2BA4830700C9366F /* PrivacyInfo.xcprivacy in Resources */ = {isa = PBXBuildFile; fileRef = 0672FC7C2BA4830700C9366F /* PrivacyInfo.xcprivacy */; };
		0673F70A2B9603DA00FA3390 /* RelativeDateTimeFormatterExtension.swift in Sources */ = {isa = PBXBuildFile; fileRef = 0673F7092B9603DA00FA3390 /* RelativeDateTimeFormatterExtension.swift */; };
		0673F70C2B96057500FA3390 /* DateFormatter.swift in Sources */ = {isa = PBXBuildFile; fileRef = 0673F70B2B96057500FA3390 /* DateFormatter.swift */; };
		F734D1452B17980D00435866 /* ApollonApp.swift in Sources */ = {isa = PBXBuildFile; fileRef = F734D1442B17980D00435866 /* ApollonApp.swift */; };
		F734D17C2B17996500435866 /* Assets.xcassets in Resources */ = {isa = PBXBuildFile; fileRef = F734D1782B17996500435866 /* Assets.xcassets */; };
		F734D17D2B17996500435866 /* Preview Assets.xcassets in Resources */ = {isa = PBXBuildFile; fileRef = F734D17A2B17996500435866 /* Preview Assets.xcassets */; };
		F734D1912B179A1200435866 /* DiagramDisplayView.swift in Sources */ = {isa = PBXBuildFile; fileRef = F734D1822B179A1100435866 /* DiagramDisplayView.swift */; };
		F734D1922B179A1200435866 /* DiagramListCellView.swift in Sources */ = {isa = PBXBuildFile; fileRef = F734D1832B179A1100435866 /* DiagramListCellView.swift */; };
		F734D1932B179A1200435866 /* DiagramListView.swift in Sources */ = {isa = PBXBuildFile; fileRef = F734D1842B179A1100435866 /* DiagramListView.swift */; };
		F734D1962B179A1200435866 /* DiagramViewModel.swift in Sources */ = {isa = PBXBuildFile; fileRef = F734D1882B179A1200435866 /* DiagramViewModel.swift */; };
		F734D1972B179A1200435866 /* StringExtension.swift in Sources */ = {isa = PBXBuildFile; fileRef = F734D18A2B179A1200435866 /* StringExtension.swift */; };
		F734D1982B179A1200435866 /* JSONFile.swift in Sources */ = {isa = PBXBuildFile; fileRef = F734D18C2B179A1200435866 /* JSONFile.swift */; };
		F734D1992B179A1200435866 /* ApollonColor.swift in Sources */ = {isa = PBXBuildFile; fileRef = F734D18D2B179A1200435866 /* ApollonColor.swift */; };
		F734D19A2B179A1200435866 /* ApollonDiagram.swift in Sources */ = {isa = PBXBuildFile; fileRef = F734D18F2B179A1200435866 /* ApollonDiagram.swift */; };
		F734D19D2B179AEA00435866 /* ApollonEdit in Frameworks */ = {isa = PBXBuildFile; productRef = F734D19C2B179AEA00435866 /* ApollonEdit */; };
		F734D19F2B179AEA00435866 /* ApollonShared in Frameworks */ = {isa = PBXBuildFile; productRef = F734D19E2B179AEA00435866 /* ApollonShared */; };
		F734D1A12B179AEA00435866 /* ApollonView in Frameworks */ = {isa = PBXBuildFile; productRef = F734D1A02B179AEA00435866 /* ApollonView */; };
		F77BAF882B81206800A36C94 /* DateExtension.swift in Sources */ = {isa = PBXBuildFile; fileRef = F77BAF872B81206800A36C94 /* DateExtension.swift */; };
		F77BAF8A2B81222900A36C94 /* Settings.bundle in Resources */ = {isa = PBXBuildFile; fileRef = F77BAF892B81222900A36C94 /* Settings.bundle */; };
		F79533922B8493AC00962DBD /* ExportDiagramModifier.swift in Sources */ = {isa = PBXBuildFile; fileRef = F79533912B8493AC00962DBD /* ExportDiagramModifier.swift */; };
		F79533942B84958500962DBD /* ViewExtension.swift in Sources */ = {isa = PBXBuildFile; fileRef = F79533932B84958500962DBD /* ViewExtension.swift */; };
		F7C91B102B2093AE009F065F /* LaunchScreen.storyboard in Resources */ = {isa = PBXBuildFile; fileRef = F7C91B0F2B2093AE009F065F /* LaunchScreen.storyboard */; };
		F7DEC4632B88FB70009677FE /* ApollonSnapshotUITests.swift in Sources */ = {isa = PBXBuildFile; fileRef = F7DEC4622B88FB70009677FE /* ApollonSnapshotUITests.swift */; };
		F7DEC46C2B88FB92009677FE /* SnapshotHelper.swift in Sources */ = {isa = PBXBuildFile; fileRef = F7DEC46B2B88FB92009677FE /* SnapshotHelper.swift */; };
		F7DEC46F2B8BBD1B009677FE /* MockDiagrams.swift in Sources */ = {isa = PBXBuildFile; fileRef = F7DEC46E2B8BBD1B009677FE /* MockDiagrams.swift */; };
		F7DEC4752B933DA2009677FE /* ImportErrorMessageView.swift in Sources */ = {isa = PBXBuildFile; fileRef = F7DEC4742B933DA2009677FE /* ImportErrorMessageView.swift */; };
/* End PBXBuildFile section */

/* Begin PBXContainerItemProxy section */
		F7DEC4662B88FB70009677FE /* PBXContainerItemProxy */ = {
			isa = PBXContainerItemProxy;
			containerPortal = F734D1392B17980D00435866 /* Project object */;
			proxyType = 1;
			remoteGlobalIDString = F734D1402B17980D00435866;
			remoteInfo = Apollon;
		};
/* End PBXContainerItemProxy section */

/* Begin PBXFileReference section */
		0672FC7C2BA4830700C9366F /* PrivacyInfo.xcprivacy */ = {isa = PBXFileReference; lastKnownFileType = text.xml; path = PrivacyInfo.xcprivacy; sourceTree = "<group>"; };
		0673F7092B9603DA00FA3390 /* RelativeDateTimeFormatterExtension.swift */ = {isa = PBXFileReference; lastKnownFileType = sourcecode.swift; path = RelativeDateTimeFormatterExtension.swift; sourceTree = "<group>"; };
		0673F70B2B96057500FA3390 /* DateFormatter.swift */ = {isa = PBXFileReference; lastKnownFileType = sourcecode.swift; path = DateFormatter.swift; sourceTree = "<group>"; };
		06FAB0C42B347540004B02DA /* Info.plist */ = {isa = PBXFileReference; lastKnownFileType = text.plist.xml; path = Info.plist; sourceTree = "<group>"; };
		F734D1412B17980D00435866 /* Apollon.app */ = {isa = PBXFileReference; explicitFileType = wrapper.application; includeInIndex = 0; path = Apollon.app; sourceTree = BUILT_PRODUCTS_DIR; };
		F734D1442B17980D00435866 /* ApollonApp.swift */ = {isa = PBXFileReference; lastKnownFileType = sourcecode.swift; path = ApollonApp.swift; sourceTree = "<group>"; };
		F734D1782B17996500435866 /* Assets.xcassets */ = {isa = PBXFileReference; lastKnownFileType = folder.assetcatalog; path = Assets.xcassets; sourceTree = "<group>"; };
		F734D17A2B17996500435866 /* Preview Assets.xcassets */ = {isa = PBXFileReference; lastKnownFileType = folder.assetcatalog; path = "Preview Assets.xcassets"; sourceTree = "<group>"; };
		F734D1822B179A1100435866 /* DiagramDisplayView.swift */ = {isa = PBXFileReference; fileEncoding = 4; lastKnownFileType = sourcecode.swift; path = DiagramDisplayView.swift; sourceTree = "<group>"; };
		F734D1832B179A1100435866 /* DiagramListCellView.swift */ = {isa = PBXFileReference; fileEncoding = 4; lastKnownFileType = sourcecode.swift; path = DiagramListCellView.swift; sourceTree = "<group>"; };
		F734D1842B179A1100435866 /* DiagramListView.swift */ = {isa = PBXFileReference; fileEncoding = 4; lastKnownFileType = sourcecode.swift; path = DiagramListView.swift; sourceTree = "<group>"; };
		F734D1882B179A1200435866 /* DiagramViewModel.swift */ = {isa = PBXFileReference; fileEncoding = 4; lastKnownFileType = sourcecode.swift; path = DiagramViewModel.swift; sourceTree = "<group>"; };
		F734D18A2B179A1200435866 /* StringExtension.swift */ = {isa = PBXFileReference; fileEncoding = 4; lastKnownFileType = sourcecode.swift; path = StringExtension.swift; sourceTree = "<group>"; };
		F734D18C2B179A1200435866 /* JSONFile.swift */ = {isa = PBXFileReference; fileEncoding = 4; lastKnownFileType = sourcecode.swift; path = JSONFile.swift; sourceTree = "<group>"; };
		F734D18D2B179A1200435866 /* ApollonColor.swift */ = {isa = PBXFileReference; fileEncoding = 4; lastKnownFileType = sourcecode.swift; path = ApollonColor.swift; sourceTree = "<group>"; };
		F734D18F2B179A1200435866 /* ApollonDiagram.swift */ = {isa = PBXFileReference; fileEncoding = 4; lastKnownFileType = sourcecode.swift; path = ApollonDiagram.swift; sourceTree = "<group>"; };
		F77BAF872B81206800A36C94 /* DateExtension.swift */ = {isa = PBXFileReference; lastKnownFileType = sourcecode.swift; path = DateExtension.swift; sourceTree = "<group>"; };
		F77BAF892B81222900A36C94 /* Settings.bundle */ = {isa = PBXFileReference; lastKnownFileType = "wrapper.plug-in"; path = Settings.bundle; sourceTree = "<group>"; };
		F79533912B8493AC00962DBD /* ExportDiagramModifier.swift */ = {isa = PBXFileReference; lastKnownFileType = sourcecode.swift; path = ExportDiagramModifier.swift; sourceTree = "<group>"; };
		F79533932B84958500962DBD /* ViewExtension.swift */ = {isa = PBXFileReference; lastKnownFileType = sourcecode.swift; path = ViewExtension.swift; sourceTree = "<group>"; };
		F7C91B0F2B2093AE009F065F /* LaunchScreen.storyboard */ = {isa = PBXFileReference; fileEncoding = 4; lastKnownFileType = file.storyboard; path = LaunchScreen.storyboard; sourceTree = "<group>"; };
		F7DEC4602B88FB70009677FE /* ApollonSnapshotUITests.xctest */ = {isa = PBXFileReference; explicitFileType = wrapper.cfbundle; includeInIndex = 0; path = ApollonSnapshotUITests.xctest; sourceTree = BUILT_PRODUCTS_DIR; };
		F7DEC4622B88FB70009677FE /* ApollonSnapshotUITests.swift */ = {isa = PBXFileReference; lastKnownFileType = sourcecode.swift; path = ApollonSnapshotUITests.swift; sourceTree = "<group>"; };
		F7DEC46B2B88FB92009677FE /* SnapshotHelper.swift */ = {isa = PBXFileReference; fileEncoding = 4; lastKnownFileType = sourcecode.swift; path = SnapshotHelper.swift; sourceTree = "<group>"; };
		F7DEC46E2B8BBD1B009677FE /* MockDiagrams.swift */ = {isa = PBXFileReference; lastKnownFileType = sourcecode.swift; path = MockDiagrams.swift; sourceTree = "<group>"; };
		F7DEC4742B933DA2009677FE /* ImportErrorMessageView.swift */ = {isa = PBXFileReference; lastKnownFileType = sourcecode.swift; path = ImportErrorMessageView.swift; sourceTree = "<group>"; };
/* End PBXFileReference section */

/* Begin PBXFrameworksBuildPhase section */
		F734D13E2B17980D00435866 /* Frameworks */ = {
			isa = PBXFrameworksBuildPhase;
			buildActionMask = 2147483647;
			files = (
				F734D19D2B179AEA00435866 /* ApollonEdit in Frameworks */,
				F734D19F2B179AEA00435866 /* ApollonShared in Frameworks */,
				F734D1A12B179AEA00435866 /* ApollonView in Frameworks */,
			);
			runOnlyForDeploymentPostprocessing = 0;
		};
		F7DEC45D2B88FB70009677FE /* Frameworks */ = {
			isa = PBXFrameworksBuildPhase;
			buildActionMask = 2147483647;
			files = (
			);
			runOnlyForDeploymentPostprocessing = 0;
		};
/* End PBXFrameworksBuildPhase section */

/* Begin PBXGroup section */
		F734D1382B17980D00435866 = {
			isa = PBXGroup;
			children = (
				F734D1432B17980D00435866 /* Apollon */,
				F7DEC4612B88FB70009677FE /* ApollonSnapshotUITests */,
				F734D1422B17980D00435866 /* Products */,
			);
			sourceTree = "<group>";
		};
		F734D1422B17980D00435866 /* Products */ = {
			isa = PBXGroup;
			children = (
				F734D1412B17980D00435866 /* Apollon.app */,
				F7DEC4602B88FB70009677FE /* ApollonSnapshotUITests.xctest */,
			);
			name = Products;
			sourceTree = "<group>";
		};
		F734D1432B17980D00435866 /* Apollon */ = {
			isa = PBXGroup;
			children = (
				F734D18B2B179A1200435866 /* Custom */,
				F734D18E2B179A1200435866 /* Models */,
				F734D17E2B179A1100435866 /* Views */,
				F734D1872B179A1200435866 /* ViewModels */,
				F734D1762B17996500435866 /* Common */,
				F734D1442B17980D00435866 /* ApollonApp.swift */,
			);
			path = Apollon;
			sourceTree = "<group>";
		};
		F734D1762B17996500435866 /* Common */ = {
			isa = PBXGroup;
			children = (
				06FAB0C42B347540004B02DA /* Info.plist */,
				F7C91B0F2B2093AE009F065F /* LaunchScreen.storyboard */,
				0672FC7C2BA4830700C9366F /* PrivacyInfo.xcprivacy */,
				F734D1782B17996500435866 /* Assets.xcassets */,
				F734D1792B17996500435866 /* Preview Content */,
				F77BAF892B81222900A36C94 /* Settings.bundle */,
			);
			path = Common;
			sourceTree = "<group>";
		};
		F734D1792B17996500435866 /* Preview Content */ = {
			isa = PBXGroup;
			children = (
				F734D17A2B17996500435866 /* Preview Assets.xcassets */,
			);
			path = "Preview Content";
			sourceTree = "<group>";
		};
		F734D17E2B179A1100435866 /* Views */ = {
			isa = PBXGroup;
			children = (
				F734D1812B179A1100435866 /* Diagram */,
				F7DEC4742B933DA2009677FE /* ImportErrorMessageView.swift */,
			);
			path = Views;
			sourceTree = "<group>";
		};
		F734D1812B179A1100435866 /* Diagram */ = {
			isa = PBXGroup;
			children = (
				F734D1822B179A1100435866 /* DiagramDisplayView.swift */,
				F734D1832B179A1100435866 /* DiagramListCellView.swift */,
				F734D1842B179A1100435866 /* DiagramListView.swift */,
			);
			path = Diagram;
			sourceTree = "<group>";
		};
		F734D1872B179A1200435866 /* ViewModels */ = {
			isa = PBXGroup;
			children = (
				F734D1882B179A1200435866 /* DiagramViewModel.swift */,
			);
			path = ViewModels;
			sourceTree = "<group>";
		};
		F734D1892B179A1200435866 /* Extensions */ = {
			isa = PBXGroup;
			children = (
				F734D18A2B179A1200435866 /* StringExtension.swift */,
				F77BAF872B81206800A36C94 /* DateExtension.swift */,
				F79533932B84958500962DBD /* ViewExtension.swift */,
				0673F7092B9603DA00FA3390 /* RelativeDateTimeFormatterExtension.swift */,
				0673F70B2B96057500FA3390 /* DateFormatter.swift */,
			);
			path = Extensions;
			sourceTree = "<group>";
		};
		F734D18B2B179A1200435866 /* Custom */ = {
			isa = PBXGroup;
			children = (
				F79533902B84938600962DBD /* Modifiers */,
				F734D1892B179A1200435866 /* Extensions */,
				F734D18C2B179A1200435866 /* JSONFile.swift */,
				F734D18D2B179A1200435866 /* ApollonColor.swift */,
				F7DEC46E2B8BBD1B009677FE /* MockDiagrams.swift */,
			);
			path = Custom;
			sourceTree = "<group>";
		};
		F734D18E2B179A1200435866 /* Models */ = {
			isa = PBXGroup;
			children = (
				F734D18F2B179A1200435866 /* ApollonDiagram.swift */,
			);
			path = Models;
			sourceTree = "<group>";
		};
		F79533902B84938600962DBD /* Modifiers */ = {
			isa = PBXGroup;
			children = (
				F79533912B8493AC00962DBD /* ExportDiagramModifier.swift */,
			);
			path = Modifiers;
			sourceTree = "<group>";
		};
		F7DEC4612B88FB70009677FE /* ApollonSnapshotUITests */ = {
			isa = PBXGroup;
			children = (
				F7DEC46B2B88FB92009677FE /* SnapshotHelper.swift */,
				F7DEC4622B88FB70009677FE /* ApollonSnapshotUITests.swift */,
			);
			path = ApollonSnapshotUITests;
			sourceTree = "<group>";
		};
/* End PBXGroup section */

/* Begin PBXNativeTarget section */
		F734D1402B17980D00435866 /* Apollon */ = {
			isa = PBXNativeTarget;
			buildConfigurationList = F734D1672B17980E00435866 /* Build configuration list for PBXNativeTarget "Apollon" */;
			buildPhases = (
				F734D13D2B17980D00435866 /* Sources */,
				F734D13E2B17980D00435866 /* Frameworks */,
				F734D13F2B17980D00435866 /* Resources */,
			);
			buildRules = (
			);
			dependencies = (
			);
			name = Apollon;
			packageProductDependencies = (
				F734D19C2B179AEA00435866 /* ApollonEdit */,
				F734D19E2B179AEA00435866 /* ApollonShared */,
				F734D1A02B179AEA00435866 /* ApollonView */,
			);
			productName = "apollon-ios-standalone";
			productReference = F734D1412B17980D00435866 /* Apollon.app */;
			productType = "com.apple.product-type.application";
		};
		F7DEC45F2B88FB70009677FE /* ApollonSnapshotUITests */ = {
			isa = PBXNativeTarget;
			buildConfigurationList = F7DEC4682B88FB70009677FE /* Build configuration list for PBXNativeTarget "ApollonSnapshotUITests" */;
			buildPhases = (
				F7DEC45C2B88FB70009677FE /* Sources */,
				F7DEC45D2B88FB70009677FE /* Frameworks */,
				F7DEC45E2B88FB70009677FE /* Resources */,
			);
			buildRules = (
			);
			dependencies = (
				F7DEC4672B88FB70009677FE /* PBXTargetDependency */,
			);
			name = ApollonSnapshotUITests;
			productName = ApollonSnapshotUITests;
			productReference = F7DEC4602B88FB70009677FE /* ApollonSnapshotUITests.xctest */;
			productType = "com.apple.product-type.bundle.ui-testing";
		};
/* End PBXNativeTarget section */

/* Begin PBXProject section */
		F734D1392B17980D00435866 /* Project object */ = {
			isa = PBXProject;
			attributes = {
				BuildIndependentTargetsInParallel = 1;
				LastSwiftUpdateCheck = 1520;
				LastUpgradeCheck = 1500;
				TargetAttributes = {
					F734D1402B17980D00435866 = {
						CreatedOnToolsVersion = 15.0.1;
					};
					F7DEC45F2B88FB70009677FE = {
						CreatedOnToolsVersion = 15.2;
						TestTargetID = F734D1402B17980D00435866;
					};
				};
			};
			buildConfigurationList = F734D13C2B17980D00435866 /* Build configuration list for PBXProject "Apollon" */;
			compatibilityVersion = "Xcode 14.0";
			developmentRegion = en;
			hasScannedForEncodings = 0;
			knownRegions = (
				en,
				Base,
			);
			mainGroup = F734D1382B17980D00435866;
			packageReferences = (
				F734D19B2B179AEA00435866 /* XCRemoteSwiftPackageReference "apollon-ios-module" */,
			);
			productRefGroup = F734D1422B17980D00435866 /* Products */;
			projectDirPath = "";
			projectRoot = "";
			targets = (
				F734D1402B17980D00435866 /* Apollon */,
				F7DEC45F2B88FB70009677FE /* ApollonSnapshotUITests */,
			);
		};
/* End PBXProject section */

/* Begin PBXResourcesBuildPhase section */
		F734D13F2B17980D00435866 /* Resources */ = {
			isa = PBXResourcesBuildPhase;
			buildActionMask = 2147483647;
			files = (
				F77BAF8A2B81222900A36C94 /* Settings.bundle in Resources */,
				F7C91B102B2093AE009F065F /* LaunchScreen.storyboard in Resources */,
				F734D17D2B17996500435866 /* Preview Assets.xcassets in Resources */,
				0672FC7D2BA4830700C9366F /* PrivacyInfo.xcprivacy in Resources */,
				F734D17C2B17996500435866 /* Assets.xcassets in Resources */,
			);
			runOnlyForDeploymentPostprocessing = 0;
		};
		F7DEC45E2B88FB70009677FE /* Resources */ = {
			isa = PBXResourcesBuildPhase;
			buildActionMask = 2147483647;
			files = (
			);
			runOnlyForDeploymentPostprocessing = 0;
		};
/* End PBXResourcesBuildPhase section */

/* Begin PBXSourcesBuildPhase section */
		F734D13D2B17980D00435866 /* Sources */ = {
			isa = PBXSourcesBuildPhase;
			buildActionMask = 2147483647;
			files = (
				0673F70C2B96057500FA3390 /* DateFormatter.swift in Sources */,
				F734D1922B179A1200435866 /* DiagramListCellView.swift in Sources */,
				F734D1912B179A1200435866 /* DiagramDisplayView.swift in Sources */,
				0673F70A2B9603DA00FA3390 /* RelativeDateTimeFormatterExtension.swift in Sources */,
				F77BAF882B81206800A36C94 /* DateExtension.swift in Sources */,
				F734D1992B179A1200435866 /* ApollonColor.swift in Sources */,
				F734D1932B179A1200435866 /* DiagramListView.swift in Sources */,
				F734D19A2B179A1200435866 /* ApollonDiagram.swift in Sources */,
				F79533942B84958500962DBD /* ViewExtension.swift in Sources */,
				F734D1962B179A1200435866 /* DiagramViewModel.swift in Sources */,
				F7DEC4752B933DA2009677FE /* ImportErrorMessageView.swift in Sources */,
				F734D1972B179A1200435866 /* StringExtension.swift in Sources */,
				F734D1452B17980D00435866 /* ApollonApp.swift in Sources */,
				F7DEC46F2B8BBD1B009677FE /* MockDiagrams.swift in Sources */,
				F734D1982B179A1200435866 /* JSONFile.swift in Sources */,
				F79533922B8493AC00962DBD /* ExportDiagramModifier.swift in Sources */,
			);
			runOnlyForDeploymentPostprocessing = 0;
		};
		F7DEC45C2B88FB70009677FE /* Sources */ = {
			isa = PBXSourcesBuildPhase;
			buildActionMask = 2147483647;
			files = (
				F7DEC4632B88FB70009677FE /* ApollonSnapshotUITests.swift in Sources */,
				F7DEC46C2B88FB92009677FE /* SnapshotHelper.swift in Sources */,
			);
			runOnlyForDeploymentPostprocessing = 0;
		};
/* End PBXSourcesBuildPhase section */

/* Begin PBXTargetDependency section */
		F7DEC4672B88FB70009677FE /* PBXTargetDependency */ = {
			isa = PBXTargetDependency;
			target = F734D1402B17980D00435866 /* Apollon */;
			targetProxy = F7DEC4662B88FB70009677FE /* PBXContainerItemProxy */;
		};
/* End PBXTargetDependency section */

/* Begin XCBuildConfiguration section */
		F734D1652B17980E00435866 /* Debug */ = {
			isa = XCBuildConfiguration;
			buildSettings = {
				ALWAYS_SEARCH_USER_PATHS = NO;
				ASSETCATALOG_COMPILER_GENERATE_SWIFT_ASSET_SYMBOL_EXTENSIONS = YES;
				CLANG_ANALYZER_NONNULL = YES;
				CLANG_ANALYZER_NUMBER_OBJECT_CONVERSION = YES_AGGRESSIVE;
				CLANG_CXX_LANGUAGE_STANDARD = "gnu++20";
				CLANG_ENABLE_MODULES = YES;
				CLANG_ENABLE_OBJC_ARC = YES;
				CLANG_ENABLE_OBJC_WEAK = YES;
				CLANG_WARN_BLOCK_CAPTURE_AUTORELEASING = YES;
				CLANG_WARN_BOOL_CONVERSION = YES;
				CLANG_WARN_COMMA = YES;
				CLANG_WARN_CONSTANT_CONVERSION = YES;
				CLANG_WARN_DEPRECATED_OBJC_IMPLEMENTATIONS = YES;
				CLANG_WARN_DIRECT_OBJC_ISA_USAGE = YES_ERROR;
				CLANG_WARN_DOCUMENTATION_COMMENTS = YES;
				CLANG_WARN_EMPTY_BODY = YES;
				CLANG_WARN_ENUM_CONVERSION = YES;
				CLANG_WARN_INFINITE_RECURSION = YES;
				CLANG_WARN_INT_CONVERSION = YES;
				CLANG_WARN_NON_LITERAL_NULL_CONVERSION = YES;
				CLANG_WARN_OBJC_IMPLICIT_RETAIN_SELF = YES;
				CLANG_WARN_OBJC_LITERAL_CONVERSION = YES;
				CLANG_WARN_OBJC_ROOT_CLASS = YES_ERROR;
				CLANG_WARN_QUOTED_INCLUDE_IN_FRAMEWORK_HEADER = YES;
				CLANG_WARN_RANGE_LOOP_ANALYSIS = YES;
				CLANG_WARN_STRICT_PROTOTYPES = YES;
				CLANG_WARN_SUSPICIOUS_MOVE = YES;
				CLANG_WARN_UNGUARDED_AVAILABILITY = YES_AGGRESSIVE;
				CLANG_WARN_UNREACHABLE_CODE = YES;
				CLANG_WARN__DUPLICATE_METHOD_MATCH = YES;
				COPY_PHASE_STRIP = NO;
				DEBUG_INFORMATION_FORMAT = dwarf;
				ENABLE_STRICT_OBJC_MSGSEND = YES;
				ENABLE_TESTABILITY = YES;
				ENABLE_USER_SCRIPT_SANDBOXING = YES;
				GCC_C_LANGUAGE_STANDARD = gnu17;
				GCC_DYNAMIC_NO_PIC = NO;
				GCC_NO_COMMON_BLOCKS = YES;
				GCC_OPTIMIZATION_LEVEL = 0;
				GCC_PREPROCESSOR_DEFINITIONS = (
					"DEBUG=1",
					"$(inherited)",
				);
				GCC_WARN_64_TO_32_BIT_CONVERSION = YES;
				GCC_WARN_ABOUT_RETURN_TYPE = YES_ERROR;
				GCC_WARN_UNDECLARED_SELECTOR = YES;
				GCC_WARN_UNINITIALIZED_AUTOS = YES_AGGRESSIVE;
				GCC_WARN_UNUSED_FUNCTION = YES;
				GCC_WARN_UNUSED_VARIABLE = YES;
				IPHONEOS_DEPLOYMENT_TARGET = 17.4;
				LOCALIZATION_PREFERS_STRING_CATALOGS = YES;
				MTL_ENABLE_DEBUG_INFO = INCLUDE_SOURCE;
				MTL_FAST_MATH = YES;
				ONLY_ACTIVE_ARCH = YES;
				SDKROOT = iphoneos;
				SWIFT_ACTIVE_COMPILATION_CONDITIONS = "DEBUG $(inherited)";
				SWIFT_OPTIMIZATION_LEVEL = "-Onone";
			};
			name = Debug;
		};
		F734D1662B17980E00435866 /* Release */ = {
			isa = XCBuildConfiguration;
			buildSettings = {
				ALWAYS_SEARCH_USER_PATHS = NO;
				ASSETCATALOG_COMPILER_GENERATE_SWIFT_ASSET_SYMBOL_EXTENSIONS = YES;
				CLANG_ANALYZER_NONNULL = YES;
				CLANG_ANALYZER_NUMBER_OBJECT_CONVERSION = YES_AGGRESSIVE;
				CLANG_CXX_LANGUAGE_STANDARD = "gnu++20";
				CLANG_ENABLE_MODULES = YES;
				CLANG_ENABLE_OBJC_ARC = YES;
				CLANG_ENABLE_OBJC_WEAK = YES;
				CLANG_WARN_BLOCK_CAPTURE_AUTORELEASING = YES;
				CLANG_WARN_BOOL_CONVERSION = YES;
				CLANG_WARN_COMMA = YES;
				CLANG_WARN_CONSTANT_CONVERSION = YES;
				CLANG_WARN_DEPRECATED_OBJC_IMPLEMENTATIONS = YES;
				CLANG_WARN_DIRECT_OBJC_ISA_USAGE = YES_ERROR;
				CLANG_WARN_DOCUMENTATION_COMMENTS = YES;
				CLANG_WARN_EMPTY_BODY = YES;
				CLANG_WARN_ENUM_CONVERSION = YES;
				CLANG_WARN_INFINITE_RECURSION = YES;
				CLANG_WARN_INT_CONVERSION = YES;
				CLANG_WARN_NON_LITERAL_NULL_CONVERSION = YES;
				CLANG_WARN_OBJC_IMPLICIT_RETAIN_SELF = YES;
				CLANG_WARN_OBJC_LITERAL_CONVERSION = YES;
				CLANG_WARN_OBJC_ROOT_CLASS = YES_ERROR;
				CLANG_WARN_QUOTED_INCLUDE_IN_FRAMEWORK_HEADER = YES;
				CLANG_WARN_RANGE_LOOP_ANALYSIS = YES;
				CLANG_WARN_STRICT_PROTOTYPES = YES;
				CLANG_WARN_SUSPICIOUS_MOVE = YES;
				CLANG_WARN_UNGUARDED_AVAILABILITY = YES_AGGRESSIVE;
				CLANG_WARN_UNREACHABLE_CODE = YES;
				CLANG_WARN__DUPLICATE_METHOD_MATCH = YES;
				COPY_PHASE_STRIP = NO;
				DEBUG_INFORMATION_FORMAT = "dwarf-with-dsym";
				ENABLE_NS_ASSERTIONS = NO;
				ENABLE_STRICT_OBJC_MSGSEND = YES;
				ENABLE_USER_SCRIPT_SANDBOXING = YES;
				GCC_C_LANGUAGE_STANDARD = gnu17;
				GCC_NO_COMMON_BLOCKS = YES;
				GCC_WARN_64_TO_32_BIT_CONVERSION = YES;
				GCC_WARN_ABOUT_RETURN_TYPE = YES_ERROR;
				GCC_WARN_UNDECLARED_SELECTOR = YES;
				GCC_WARN_UNINITIALIZED_AUTOS = YES_AGGRESSIVE;
				GCC_WARN_UNUSED_FUNCTION = YES;
				GCC_WARN_UNUSED_VARIABLE = YES;
				IPHONEOS_DEPLOYMENT_TARGET = 17.4;
				LOCALIZATION_PREFERS_STRING_CATALOGS = YES;
				MTL_ENABLE_DEBUG_INFO = NO;
				MTL_FAST_MATH = YES;
				SDKROOT = iphoneos;
				SWIFT_COMPILATION_MODE = wholemodule;
				VALIDATE_PRODUCT = YES;
			};
			name = Release;
		};
		F734D1682B17980E00435866 /* Debug */ = {
			isa = XCBuildConfiguration;
			buildSettings = {
				ASSETCATALOG_COMPILER_APPICON_NAME = AppIcon;
				ASSETCATALOG_COMPILER_GLOBAL_ACCENT_COLOR_NAME = AccentColor;
				ASSETCATALOG_COMPILER_INCLUDE_ALL_APPICON_ASSETS = YES;
				CODE_SIGN_STYLE = Automatic;
				CURRENT_PROJECT_VERSION = 1;
				DEVELOPMENT_ASSET_PATHS = "Apollon/Common/Preview\\ Content";
				DEVELOPMENT_TEAM = "";
				ENABLE_PREVIEWS = YES;
				GENERATE_INFOPLIST_FILE = YES;
				INFOPLIST_FILE = Apollon/Common/Info.plist;
				INFOPLIST_KEY_CFBundleDisplayName = Apollon;
				INFOPLIST_KEY_LSApplicationCategoryType = "public.app-category.productivity";
				INFOPLIST_KEY_UIApplicationSceneManifest_Generation = YES;
				INFOPLIST_KEY_UIApplicationSupportsIndirectInputEvents = YES;
				INFOPLIST_KEY_UILaunchScreen_Generation = YES;
				INFOPLIST_KEY_UILaunchStoryboardName = LaunchScreen.storyboard;
				INFOPLIST_KEY_UIStatusBarHidden = YES;
				INFOPLIST_KEY_UIStatusBarStyle = "";
				INFOPLIST_KEY_UISupportedInterfaceOrientations_iPad = "UIInterfaceOrientationPortrait UIInterfaceOrientationPortraitUpsideDown UIInterfaceOrientationLandscapeLeft UIInterfaceOrientationLandscapeRight";
				INFOPLIST_KEY_UISupportedInterfaceOrientations_iPhone = "UIInterfaceOrientationPortrait UIInterfaceOrientationLandscapeLeft UIInterfaceOrientationLandscapeRight";
				IPHONEOS_DEPLOYMENT_TARGET = 17.0;
				LD_RUNPATH_SEARCH_PATHS = (
					"$(inherited)",
					"@executable_path/Frameworks",
				);
				MARKETING_VERSION = 1.0;
				PRODUCT_BUNDLE_IDENTIFIER = de.tum.cit.apollon;
				PRODUCT_NAME = "$(TARGET_NAME)";
				SUPPORTED_PLATFORMS = "iphoneos iphonesimulator";
				SUPPORTS_MACCATALYST = NO;
				SUPPORTS_MAC_DESIGNED_FOR_IPHONE_IPAD = NO;
				SWIFT_EMIT_LOC_STRINGS = YES;
				SWIFT_VERSION = 5.0;
				TARGETED_DEVICE_FAMILY = "1,2";
			};
			name = Debug;
		};
		F734D1692B17980E00435866 /* Release */ = {
			isa = XCBuildConfiguration;
			buildSettings = {
				ASSETCATALOG_COMPILER_APPICON_NAME = AppIcon;
				ASSETCATALOG_COMPILER_GLOBAL_ACCENT_COLOR_NAME = AccentColor;
				ASSETCATALOG_COMPILER_INCLUDE_ALL_APPICON_ASSETS = YES;
				CODE_SIGN_STYLE = Automatic;
				CURRENT_PROJECT_VERSION = 1;
				DEVELOPMENT_ASSET_PATHS = "Apollon/Common/Preview\\ Content";
				DEVELOPMENT_TEAM = "";
				ENABLE_PREVIEWS = YES;
				GENERATE_INFOPLIST_FILE = YES;
				INFOPLIST_FILE = Apollon/Common/Info.plist;
				INFOPLIST_KEY_CFBundleDisplayName = Apollon;
				INFOPLIST_KEY_LSApplicationCategoryType = "public.app-category.productivity";
				INFOPLIST_KEY_UIApplicationSceneManifest_Generation = YES;
				INFOPLIST_KEY_UIApplicationSupportsIndirectInputEvents = YES;
				INFOPLIST_KEY_UILaunchScreen_Generation = YES;
				INFOPLIST_KEY_UILaunchStoryboardName = LaunchScreen.storyboard;
				INFOPLIST_KEY_UIStatusBarHidden = YES;
				INFOPLIST_KEY_UIStatusBarStyle = "";
				INFOPLIST_KEY_UISupportedInterfaceOrientations_iPad = "UIInterfaceOrientationPortrait UIInterfaceOrientationPortraitUpsideDown UIInterfaceOrientationLandscapeLeft UIInterfaceOrientationLandscapeRight";
				INFOPLIST_KEY_UISupportedInterfaceOrientations_iPhone = "UIInterfaceOrientationPortrait UIInterfaceOrientationLandscapeLeft UIInterfaceOrientationLandscapeRight";
				IPHONEOS_DEPLOYMENT_TARGET = 17.0;
				LD_RUNPATH_SEARCH_PATHS = (
					"$(inherited)",
					"@executable_path/Frameworks",
				);
				MARKETING_VERSION = 1.0;
				PRODUCT_BUNDLE_IDENTIFIER = de.tum.cit.apollon;
				PRODUCT_NAME = "$(TARGET_NAME)";
				SUPPORTED_PLATFORMS = "iphoneos iphonesimulator";
				SUPPORTS_MACCATALYST = NO;
				SUPPORTS_MAC_DESIGNED_FOR_IPHONE_IPAD = NO;
				SWIFT_EMIT_LOC_STRINGS = YES;
				SWIFT_VERSION = 5.0;
				TARGETED_DEVICE_FAMILY = "1,2";
			};
			name = Release;
		};
		F7DEC4692B88FB70009677FE /* Debug */ = {
			isa = XCBuildConfiguration;
			buildSettings = {
				CODE_SIGN_STYLE = Automatic;
				CURRENT_PROJECT_VERSION = 1;
				GENERATE_INFOPLIST_FILE = YES;
				IPHONEOS_DEPLOYMENT_TARGET = 17.0;
				MARKETING_VERSION = 1.0;
				PRODUCT_BUNDLE_IDENTIFIER = de.tum.cit.ase.apollon.ApollonSnapshotUITests;
				PRODUCT_NAME = "$(TARGET_NAME)";
				SUPPORTED_PLATFORMS = "iphoneos iphonesimulator";
				SUPPORTS_MACCATALYST = NO;
				SUPPORTS_MAC_DESIGNED_FOR_IPHONE_IPAD = NO;
				SWIFT_EMIT_LOC_STRINGS = NO;
				SWIFT_VERSION = 5.0;
				TARGETED_DEVICE_FAMILY = "1,2";
				TEST_TARGET_NAME = Apollon;
			};
			name = Debug;
		};
		F7DEC46A2B88FB70009677FE /* Release */ = {
			isa = XCBuildConfiguration;
			buildSettings = {
				CODE_SIGN_STYLE = Automatic;
				CURRENT_PROJECT_VERSION = 1;
				GENERATE_INFOPLIST_FILE = YES;
				IPHONEOS_DEPLOYMENT_TARGET = 17.0;
				MARKETING_VERSION = 1.0;
				PRODUCT_BUNDLE_IDENTIFIER = de.tum.cit.ase.apollon.ApollonSnapshotUITests;
				PRODUCT_NAME = "$(TARGET_NAME)";
				SUPPORTED_PLATFORMS = "iphoneos iphonesimulator";
				SUPPORTS_MACCATALYST = NO;
				SUPPORTS_MAC_DESIGNED_FOR_IPHONE_IPAD = NO;
				SWIFT_EMIT_LOC_STRINGS = NO;
				SWIFT_VERSION = 5.0;
				TARGETED_DEVICE_FAMILY = "1,2";
				TEST_TARGET_NAME = Apollon;
			};
			name = Release;
		};
/* End XCBuildConfiguration section */

/* Begin XCConfigurationList section */
		F734D13C2B17980D00435866 /* Build configuration list for PBXProject "Apollon" */ = {
			isa = XCConfigurationList;
			buildConfigurations = (
				F734D1652B17980E00435866 /* Debug */,
				F734D1662B17980E00435866 /* Release */,
			);
			defaultConfigurationIsVisible = 0;
			defaultConfigurationName = Release;
		};
		F734D1672B17980E00435866 /* Build configuration list for PBXNativeTarget "Apollon" */ = {
			isa = XCConfigurationList;
			buildConfigurations = (
				F734D1682B17980E00435866 /* Debug */,
				F734D1692B17980E00435866 /* Release */,
			);
			defaultConfigurationIsVisible = 0;
			defaultConfigurationName = Release;
		};
		F7DEC4682B88FB70009677FE /* Build configuration list for PBXNativeTarget "ApollonSnapshotUITests" */ = {
			isa = XCConfigurationList;
			buildConfigurations = (
				F7DEC4692B88FB70009677FE /* Debug */,
				F7DEC46A2B88FB70009677FE /* Release */,
			);
			defaultConfigurationIsVisible = 0;
			defaultConfigurationName = Release;
		};
/* End XCConfigurationList section */

/* Begin XCRemoteSwiftPackageReference section */
		F734D19B2B179AEA00435866 /* XCRemoteSwiftPackageReference "apollon-ios-module" */ = {
			isa = XCRemoteSwiftPackageReference;
			repositoryURL = "https://github.com/ls1intum/apollon-ios-module";
			requirement = {
				kind = upToNextMajorVersion;
				minimumVersion = 1.0.2;
			};
		};
/* End XCRemoteSwiftPackageReference section */

/* Begin XCSwiftPackageProductDependency section */
		F734D19C2B179AEA00435866 /* ApollonEdit */ = {
			isa = XCSwiftPackageProductDependency;
			package = F734D19B2B179AEA00435866 /* XCRemoteSwiftPackageReference "apollon-ios-module" */;
			productName = ApollonEdit;
		};
		F734D19E2B179AEA00435866 /* ApollonShared */ = {
			isa = XCSwiftPackageProductDependency;
			package = F734D19B2B179AEA00435866 /* XCRemoteSwiftPackageReference "apollon-ios-module" */;
			productName = ApollonShared;
		};
		F734D1A02B179AEA00435866 /* ApollonView */ = {
			isa = XCSwiftPackageProductDependency;
			package = F734D19B2B179AEA00435866 /* XCRemoteSwiftPackageReference "apollon-ios-module" */;
			productName = ApollonView;
		};
/* End XCSwiftPackageProductDependency section */
	};
	rootObject = F734D1392B17980D00435866 /* Project object */;
}
