// !$*UTF8*$!
{
	archiveVersion = 1;
	classes = {
	};
	objectVersion = 56;
	objects = {

/* Begin PBXBuildFile section */
		F734D1452B17980D00435866 /* ApollonApp.swift in Sources */ = {isa = PBXBuildFile; fileRef = F734D1442B17980D00435866 /* ApollonApp.swift */; };
		F734D17C2B17996500435866 /* Assets.xcassets in Resources */ = {isa = PBXBuildFile; fileRef = F734D1782B17996500435866 /* Assets.xcassets */; };
		F734D17D2B17996500435866 /* Preview Assets.xcassets in Resources */ = {isa = PBXBuildFile; fileRef = F734D17A2B17996500435866 /* Preview Assets.xcassets */; };
		F734D1902B179A1200435866 /* SettingsView.swift in Sources */ = {isa = PBXBuildFile; fileRef = F734D1802B179A1100435866 /* SettingsView.swift */; };
		F734D1912B179A1200435866 /* DiagramDisplayView.swift in Sources */ = {isa = PBXBuildFile; fileRef = F734D1822B179A1100435866 /* DiagramDisplayView.swift */; };
		F734D1922B179A1200435866 /* DiagramListCellView.swift in Sources */ = {isa = PBXBuildFile; fileRef = F734D1832B179A1100435866 /* DiagramListCellView.swift */; };
		F734D1932B179A1200435866 /* DiagramListView.swift in Sources */ = {isa = PBXBuildFile; fileRef = F734D1842B179A1100435866 /* DiagramListView.swift */; };
		F734D1942B179A1200435866 /* ExportButton.swift in Sources */ = {isa = PBXBuildFile; fileRef = F734D1852B179A1100435866 /* ExportButton.swift */; };
		F734D1952B179A1200435866 /* ContentView.swift in Sources */ = {isa = PBXBuildFile; fileRef = F734D1862B179A1100435866 /* ContentView.swift */; };
		F734D1962B179A1200435866 /* ApollonViewModel.swift in Sources */ = {isa = PBXBuildFile; fileRef = F734D1882B179A1200435866 /* ApollonViewModel.swift */; };
		F734D1972B179A1200435866 /* StringExtension.swift in Sources */ = {isa = PBXBuildFile; fileRef = F734D18A2B179A1200435866 /* StringExtension.swift */; };
		F734D1982B179A1200435866 /* JSONFile.swift in Sources */ = {isa = PBXBuildFile; fileRef = F734D18C2B179A1200435866 /* JSONFile.swift */; };
		F734D1992B179A1200435866 /* ApollonColor.swift in Sources */ = {isa = PBXBuildFile; fileRef = F734D18D2B179A1200435866 /* ApollonColor.swift */; };
		F734D19A2B179A1200435866 /* ApollonDiagram.swift in Sources */ = {isa = PBXBuildFile; fileRef = F734D18F2B179A1200435866 /* ApollonDiagram.swift */; };
		F734D19D2B179AEA00435866 /* ApollonEdit in Frameworks */ = {isa = PBXBuildFile; productRef = F734D19C2B179AEA00435866 /* ApollonEdit */; };
		F734D19F2B179AEA00435866 /* ApollonShared in Frameworks */ = {isa = PBXBuildFile; productRef = F734D19E2B179AEA00435866 /* ApollonShared */; };
		F734D1A12B179AEA00435866 /* ApollonView in Frameworks */ = {isa = PBXBuildFile; productRef = F734D1A02B179AEA00435866 /* ApollonView */; };
		F7C91B102B2093AE009F065F /* LaunchScreen.storyboard in Resources */ = {isa = PBXBuildFile; fileRef = F7C91B0F2B2093AE009F065F /* LaunchScreen.storyboard */; };
/* End PBXBuildFile section */

/* Begin PBXFileReference section */
		06FAB0C42B347540004B02DA /* Info.plist */ = {isa = PBXFileReference; lastKnownFileType = text.plist.xml; path = Info.plist; sourceTree = "<group>"; };
		F734D1412B17980D00435866 /* Apollon.app */ = {isa = PBXFileReference; explicitFileType = wrapper.application; includeInIndex = 0; path = Apollon.app; sourceTree = BUILT_PRODUCTS_DIR; };
		F734D1442B17980D00435866 /* ApollonApp.swift */ = {isa = PBXFileReference; lastKnownFileType = sourcecode.swift; path = ApollonApp.swift; sourceTree = "<group>"; };
		F734D1782B17996500435866 /* Assets.xcassets */ = {isa = PBXFileReference; lastKnownFileType = folder.assetcatalog; path = Assets.xcassets; sourceTree = "<group>"; };
		F734D17A2B17996500435866 /* Preview Assets.xcassets */ = {isa = PBXFileReference; lastKnownFileType = folder.assetcatalog; path = "Preview Assets.xcassets"; sourceTree = "<group>"; };
		F734D1802B179A1100435866 /* SettingsView.swift */ = {isa = PBXFileReference; fileEncoding = 4; lastKnownFileType = sourcecode.swift; path = SettingsView.swift; sourceTree = "<group>"; };
		F734D1822B179A1100435866 /* DiagramDisplayView.swift */ = {isa = PBXFileReference; fileEncoding = 4; lastKnownFileType = sourcecode.swift; path = DiagramDisplayView.swift; sourceTree = "<group>"; };
		F734D1832B179A1100435866 /* DiagramListCellView.swift */ = {isa = PBXFileReference; fileEncoding = 4; lastKnownFileType = sourcecode.swift; path = DiagramListCellView.swift; sourceTree = "<group>"; };
		F734D1842B179A1100435866 /* DiagramListView.swift */ = {isa = PBXFileReference; fileEncoding = 4; lastKnownFileType = sourcecode.swift; path = DiagramListView.swift; sourceTree = "<group>"; };
		F734D1852B179A1100435866 /* ExportButton.swift */ = {isa = PBXFileReference; fileEncoding = 4; lastKnownFileType = sourcecode.swift; path = ExportButton.swift; sourceTree = "<group>"; };
		F734D1862B179A1100435866 /* ContentView.swift */ = {isa = PBXFileReference; fileEncoding = 4; lastKnownFileType = sourcecode.swift; path = ContentView.swift; sourceTree = "<group>"; };
		F734D1882B179A1200435866 /* ApollonViewModel.swift */ = {isa = PBXFileReference; fileEncoding = 4; lastKnownFileType = sourcecode.swift; path = ApollonViewModel.swift; sourceTree = "<group>"; };
		F734D18A2B179A1200435866 /* StringExtension.swift */ = {isa = PBXFileReference; fileEncoding = 4; lastKnownFileType = sourcecode.swift; path = StringExtension.swift; sourceTree = "<group>"; };
		F734D18C2B179A1200435866 /* JSONFile.swift */ = {isa = PBXFileReference; fileEncoding = 4; lastKnownFileType = sourcecode.swift; path = JSONFile.swift; sourceTree = "<group>"; };
		F734D18D2B179A1200435866 /* ApollonColor.swift */ = {isa = PBXFileReference; fileEncoding = 4; lastKnownFileType = sourcecode.swift; path = ApollonColor.swift; sourceTree = "<group>"; };
		F734D18F2B179A1200435866 /* ApollonDiagram.swift */ = {isa = PBXFileReference; fileEncoding = 4; lastKnownFileType = sourcecode.swift; path = ApollonDiagram.swift; sourceTree = "<group>"; };
		F7C91B0F2B2093AE009F065F /* LaunchScreen.storyboard */ = {isa = PBXFileReference; fileEncoding = 4; lastKnownFileType = file.storyboard; path = LaunchScreen.storyboard; sourceTree = "<group>"; };
/* End PBXFileReference section */

/* Begin PBXFrameworksBuildPhase section */
		F734D13E2B17980D00435866 /* Frameworks */ = {
			isa = PBXFrameworksBuildPhase;
			buildActionMask = 2147483647;
			files = (
				F734D19D2B179AEA00435866 /* ApollonEdit in Frameworks */,
				F734D19F2B179AEA00435866 /* ApollonShared in Frameworks */,
				F734D1A12B179AEA00435866 /* ApollonView in Frameworks */,
			);
			runOnlyForDeploymentPostprocessing = 0;
		};
/* End PBXFrameworksBuildPhase section */

/* Begin PBXGroup section */
		06FAB0C52B3475A7004B02DA /* Supporting */ = {
			isa = PBXGroup;
			children = (
				06FAB0C42B347540004B02DA /* Info.plist */,
			);
			path = Supporting;
			sourceTree = "<group>";
		};
		F734D1382B17980D00435866 = {
			isa = PBXGroup;
			children = (
				F734D1432B17980D00435866 /* Apollon */,
				F734D1422B17980D00435866 /* Products */,
			);
			sourceTree = "<group>";
		};
		F734D1422B17980D00435866 /* Products */ = {
			isa = PBXGroup;
			children = (
				F734D1412B17980D00435866 /* Apollon.app */,
			);
			name = Products;
			sourceTree = "<group>";
		};
		F734D1432B17980D00435866 /* Apollon */ = {
			isa = PBXGroup;
			children = (
				06FAB0C52B3475A7004B02DA /* Supporting */,
				F734D18B2B179A1200435866 /* Custom */,
				F734D1892B179A1200435866 /* Extensions */,
				F734D18E2B179A1200435866 /* Models */,
				F734D17E2B179A1100435866 /* Views */,
				F734D1872B179A1200435866 /* ViewModels */,
				F734D1762B17996500435866 /* Common */,
				F734D1442B17980D00435866 /* ApollonApp.swift */,
			);
			path = Apollon;
			sourceTree = "<group>";
		};
		F734D1762B17996500435866 /* Common */ = {
			isa = PBXGroup;
			children = (
				F7C91B0F2B2093AE009F065F /* LaunchScreen.storyboard */,
				F734D1782B17996500435866 /* Assets.xcassets */,
				F734D1792B17996500435866 /* Preview Content */,
			);
			path = Common;
			sourceTree = "<group>";
		};
		F734D1792B17996500435866 /* Preview Content */ = {
			isa = PBXGroup;
			children = (
				F734D17A2B17996500435866 /* Preview Assets.xcassets */,
			);
			path = "Preview Content";
			sourceTree = "<group>";
		};
		F734D17E2B179A1100435866 /* Views */ = {
			isa = PBXGroup;
			children = (
				F734D17F2B179A1100435866 /* Settings */,
				F734D1812B179A1100435866 /* Diagram */,
				F734D1862B179A1100435866 /* ContentView.swift */,
			);
			path = Views;
			sourceTree = "<group>";
		};
		F734D17F2B179A1100435866 /* Settings */ = {
			isa = PBXGroup;
			children = (
				F734D1802B179A1100435866 /* SettingsView.swift */,
			);
			path = Settings;
			sourceTree = "<group>";
		};
		F734D1812B179A1100435866 /* Diagram */ = {
			isa = PBXGroup;
			children = (
				F734D1822B179A1100435866 /* DiagramDisplayView.swift */,
				F734D1832B179A1100435866 /* DiagramListCellView.swift */,
				F734D1842B179A1100435866 /* DiagramListView.swift */,
				F734D1852B179A1100435866 /* ExportButton.swift */,
			);
			path = Diagram;
			sourceTree = "<group>";
		};
		F734D1872B179A1200435866 /* ViewModels */ = {
			isa = PBXGroup;
			children = (
				F734D1882B179A1200435866 /* ApollonViewModel.swift */,
			);
			path = ViewModels;
			sourceTree = "<group>";
		};
		F734D1892B179A1200435866 /* Extensions */ = {
			isa = PBXGroup;
			children = (
				F734D18A2B179A1200435866 /* StringExtension.swift */,
			);
			path = Extensions;
			sourceTree = "<group>";
		};
		F734D18B2B179A1200435866 /* Custom */ = {
			isa = PBXGroup;
			children = (
				F734D18C2B179A1200435866 /* JSONFile.swift */,
				F734D18D2B179A1200435866 /* ApollonColor.swift */,
			);
			path = Custom;
			sourceTree = "<group>";
		};
		F734D18E2B179A1200435866 /* Models */ = {
			isa = PBXGroup;
			children = (
				F734D18F2B179A1200435866 /* ApollonDiagram.swift */,
			);
			path = Models;
			sourceTree = "<group>";
		};
/* End PBXGroup section */

/* Begin PBXNativeTarget section */
		F734D1402B17980D00435866 /* Apollon */ = {
			isa = PBXNativeTarget;
			buildConfigurationList = F734D1672B17980E00435866 /* Build configuration list for PBXNativeTarget "Apollon" */;
			buildPhases = (
				F734D13D2B17980D00435866 /* Sources */,
				F734D13E2B17980D00435866 /* Frameworks */,
				F734D13F2B17980D00435866 /* Resources */,
			);
			buildRules = (
			);
			dependencies = (
			);
			name = Apollon;
			packageProductDependencies = (
				F734D19C2B179AEA00435866 /* ApollonEdit */,
				F734D19E2B179AEA00435866 /* ApollonShared */,
				F734D1A02B179AEA00435866 /* ApollonView */,
			);
			productName = "apollon-ios-standalone";
			productReference = F734D1412B17980D00435866 /* Apollon.app */;
			productType = "com.apple.product-type.application";
		};
/* End PBXNativeTarget section */

/* Begin PBXProject section */
		F734D1392B17980D00435866 /* Project object */ = {
			isa = PBXProject;
			attributes = {
				BuildIndependentTargetsInParallel = 1;
				LastSwiftUpdateCheck = 1500;
				LastUpgradeCheck = 1500;
				TargetAttributes = {
					F734D1402B17980D00435866 = {
						CreatedOnToolsVersion = 15.0.1;
					};
				};
			};
			buildConfigurationList = F734D13C2B17980D00435866 /* Build configuration list for PBXProject "Apollon" */;
			compatibilityVersion = "Xcode 14.0";
			developmentRegion = en;
			hasScannedForEncodings = 0;
			knownRegions = (
				en,
				Base,
			);
			mainGroup = F734D1382B17980D00435866;
			packageReferences = (
				F734D19B2B179AEA00435866 /* XCRemoteSwiftPackageReference "apollon-ios-module" */,
			);
			productRefGroup = F734D1422B17980D00435866 /* Products */;
			projectDirPath = "";
			projectRoot = "";
			targets = (
				F734D1402B17980D00435866 /* Apollon */,
			);
		};
/* End PBXProject section */

/* Begin PBXResourcesBuildPhase section */
		F734D13F2B17980D00435866 /* Resources */ = {
			isa = PBXResourcesBuildPhase;
			buildActionMask = 2147483647;
			files = (
				F7C91B102B2093AE009F065F /* LaunchScreen.storyboard in Resources */,
				F734D17D2B17996500435866 /* Preview Assets.xcassets in Resources */,
				F734D17C2B17996500435866 /* Assets.xcassets in Resources */,
			);
			runOnlyForDeploymentPostprocessing = 0;
		};
/* End PBXResourcesBuildPhase section */

/* Begin PBXSourcesBuildPhase section */
		F734D13D2B17980D00435866 /* Sources */ = {
			isa = PBXSourcesBuildPhase;
			buildActionMask = 2147483647;
			files = (
				F734D1922B179A1200435866 /* DiagramListCellView.swift in Sources */,
				F734D1902B179A1200435866 /* SettingsView.swift in Sources */,
				F734D1942B179A1200435866 /* ExportButton.swift in Sources */,
				F734D1952B179A1200435866 /* ContentView.swift in Sources */,
				F734D1912B179A1200435866 /* DiagramDisplayView.swift in Sources */,
				F734D1992B179A1200435866 /* ApollonColor.swift in Sources */,
				F734D1932B179A1200435866 /* DiagramListView.swift in Sources */,
				F734D19A2B179A1200435866 /* ApollonDiagram.swift in Sources */,
				F734D1962B179A1200435866 /* ApollonViewModel.swift in Sources */,
				F734D1972B179A1200435866 /* StringExtension.swift in Sources */,
				F734D1452B17980D00435866 /* ApollonApp.swift in Sources */,
				F734D1982B179A1200435866 /* JSONFile.swift in Sources */,
			);
			runOnlyForDeploymentPostprocessing = 0;
		};
/* End PBXSourcesBuildPhase section */

/* Begin XCBuildConfiguration section */
		F734D1652B17980E00435866 /* Debug */ = {
			isa = XCBuildConfiguration;
			buildSettings = {
				ALWAYS_SEARCH_USER_PATHS = NO;
				ASSETCATALOG_COMPILER_GENERATE_SWIFT_ASSET_SYMBOL_EXTENSIONS = YES;
				CLANG_ANALYZER_NONNULL = YES;
				CLANG_ANALYZER_NUMBER_OBJECT_CONVERSION = YES_AGGRESSIVE;
				CLANG_CXX_LANGUAGE_STANDARD = "gnu++20";
				CLANG_ENABLE_MODULES = YES;
				CLANG_ENABLE_OBJC_ARC = YES;
				CLANG_ENABLE_OBJC_WEAK = YES;
				CLANG_WARN_BLOCK_CAPTURE_AUTORELEASING = YES;
				CLANG_WARN_BOOL_CONVERSION = YES;
				CLANG_WARN_COMMA = YES;
				CLANG_WARN_CONSTANT_CONVERSION = YES;
				CLANG_WARN_DEPRECATED_OBJC_IMPLEMENTATIONS = YES;
				CLANG_WARN_DIRECT_OBJC_ISA_USAGE = YES_ERROR;
				CLANG_WARN_DOCUMENTATION_COMMENTS = YES;
				CLANG_WARN_EMPTY_BODY = YES;
				CLANG_WARN_ENUM_CONVERSION = YES;
				CLANG_WARN_INFINITE_RECURSION = YES;
				CLANG_WARN_INT_CONVERSION = YES;
				CLANG_WARN_NON_LITERAL_NULL_CONVERSION = YES;
				CLANG_WARN_OBJC_IMPLICIT_RETAIN_SELF = YES;
				CLANG_WARN_OBJC_LITERAL_CONVERSION = YES;
				CLANG_WARN_OBJC_ROOT_CLASS = YES_ERROR;
				CLANG_WARN_QUOTED_INCLUDE_IN_FRAMEWORK_HEADER = YES;
				CLANG_WARN_RANGE_LOOP_ANALYSIS = YES;
				CLANG_WARN_STRICT_PROTOTYPES = YES;
				CLANG_WARN_SUSPICIOUS_MOVE = YES;
				CLANG_WARN_UNGUARDED_AVAILABILITY = YES_AGGRESSIVE;
				CLANG_WARN_UNREACHABLE_CODE = YES;
				CLANG_WARN__DUPLICATE_METHOD_MATCH = YES;
				COPY_PHASE_STRIP = NO;
				DEBUG_INFORMATION_FORMAT = dwarf;
				ENABLE_STRICT_OBJC_MSGSEND = YES;
				ENABLE_TESTABILITY = YES;
				ENABLE_USER_SCRIPT_SANDBOXING = YES;
				GCC_C_LANGUAGE_STANDARD = gnu17;
				GCC_DYNAMIC_NO_PIC = NO;
				GCC_NO_COMMON_BLOCKS = YES;
				GCC_OPTIMIZATION_LEVEL = 0;
				GCC_PREPROCESSOR_DEFINITIONS = (
					"DEBUG=1",
					"$(inherited)",
				);
				GCC_WARN_64_TO_32_BIT_CONVERSION = YES;
				GCC_WARN_ABOUT_RETURN_TYPE = YES_ERROR;
				GCC_WARN_UNDECLARED_SELECTOR = YES;
				GCC_WARN_UNINITIALIZED_AUTOS = YES_AGGRESSIVE;
				GCC_WARN_UNUSED_FUNCTION = YES;
				GCC_WARN_UNUSED_VARIABLE = YES;
				IPHONEOS_DEPLOYMENT_TARGET = 17.0;
				LOCALIZATION_PREFERS_STRING_CATALOGS = YES;
				MTL_ENABLE_DEBUG_INFO = INCLUDE_SOURCE;
				MTL_FAST_MATH = YES;
				ONLY_ACTIVE_ARCH = YES;
				SDKROOT = iphoneos;
				SWIFT_ACTIVE_COMPILATION_CONDITIONS = "DEBUG $(inherited)";
				SWIFT_OPTIMIZATION_LEVEL = "-Onone";
			};
			name = Debug;
		};
		F734D1662B17980E00435866 /* Release */ = {
			isa = XCBuildConfiguration;
			buildSettings = {
				ALWAYS_SEARCH_USER_PATHS = NO;
				ASSETCATALOG_COMPILER_GENERATE_SWIFT_ASSET_SYMBOL_EXTENSIONS = YES;
				CLANG_ANALYZER_NONNULL = YES;
				CLANG_ANALYZER_NUMBER_OBJECT_CONVERSION = YES_AGGRESSIVE;
				CLANG_CXX_LANGUAGE_STANDARD = "gnu++20";
				CLANG_ENABLE_MODULES = YES;
				CLANG_ENABLE_OBJC_ARC = YES;
				CLANG_ENABLE_OBJC_WEAK = YES;
				CLANG_WARN_BLOCK_CAPTURE_AUTORELEASING = YES;
				CLANG_WARN_BOOL_CONVERSION = YES;
				CLANG_WARN_COMMA = YES;
				CLANG_WARN_CONSTANT_CONVERSION = YES;
				CLANG_WARN_DEPRECATED_OBJC_IMPLEMENTATIONS = YES;
				CLANG_WARN_DIRECT_OBJC_ISA_USAGE = YES_ERROR;
				CLANG_WARN_DOCUMENTATION_COMMENTS = YES;
				CLANG_WARN_EMPTY_BODY = YES;
				CLANG_WARN_ENUM_CONVERSION = YES;
				CLANG_WARN_INFINITE_RECURSION = YES;
				CLANG_WARN_INT_CONVERSION = YES;
				CLANG_WARN_NON_LITERAL_NULL_CONVERSION = YES;
				CLANG_WARN_OBJC_IMPLICIT_RETAIN_SELF = YES;
				CLANG_WARN_OBJC_LITERAL_CONVERSION = YES;
				CLANG_WARN_OBJC_ROOT_CLASS = YES_ERROR;
				CLANG_WARN_QUOTED_INCLUDE_IN_FRAMEWORK_HEADER = YES;
				CLANG_WARN_RANGE_LOOP_ANALYSIS = YES;
				CLANG_WARN_STRICT_PROTOTYPES = YES;
				CLANG_WARN_SUSPICIOUS_MOVE = YES;
				CLANG_WARN_UNGUARDED_AVAILABILITY = YES_AGGRESSIVE;
				CLANG_WARN_UNREACHABLE_CODE = YES;
				CLANG_WARN__DUPLICATE_METHOD_MATCH = YES;
				COPY_PHASE_STRIP = NO;
				DEBUG_INFORMATION_FORMAT = "dwarf-with-dsym";
				ENABLE_NS_ASSERTIONS = NO;
				ENABLE_STRICT_OBJC_MSGSEND = YES;
				ENABLE_USER_SCRIPT_SANDBOXING = YES;
				GCC_C_LANGUAGE_STANDARD = gnu17;
				GCC_NO_COMMON_BLOCKS = YES;
				GCC_WARN_64_TO_32_BIT_CONVERSION = YES;
				GCC_WARN_ABOUT_RETURN_TYPE = YES_ERROR;
				GCC_WARN_UNDECLARED_SELECTOR = YES;
				GCC_WARN_UNINITIALIZED_AUTOS = YES_AGGRESSIVE;
				GCC_WARN_UNUSED_FUNCTION = YES;
				GCC_WARN_UNUSED_VARIABLE = YES;
				IPHONEOS_DEPLOYMENT_TARGET = 17.0;
				LOCALIZATION_PREFERS_STRING_CATALOGS = YES;
				MTL_ENABLE_DEBUG_INFO = NO;
				MTL_FAST_MATH = YES;
				SDKROOT = iphoneos;
				SWIFT_COMPILATION_MODE = wholemodule;
				VALIDATE_PRODUCT = YES;
			};
			name = Release;
		};
		F734D1682B17980E00435866 /* Debug */ = {
			isa = XCBuildConfiguration;
			buildSettings = {
				ASSETCATALOG_COMPILER_APPICON_NAME = AppIcon;
				ASSETCATALOG_COMPILER_GLOBAL_ACCENT_COLOR_NAME = AccentColor;
				ASSETCATALOG_COMPILER_INCLUDE_ALL_APPICON_ASSETS = YES;
				CODE_SIGN_STYLE = Automatic;
				CURRENT_PROJECT_VERSION = 1;
				DEVELOPMENT_ASSET_PATHS = "Apollon/Common/Preview\\ Content";
				DEVELOPMENT_TEAM = "";
				ENABLE_PREVIEWS = YES;
				GENERATE_INFOPLIST_FILE = YES;
				INFOPLIST_FILE = Apollon/Supporting/Info.plist;
				INFOPLIST_KEY_CFBundleDisplayName = Apollon;
				INFOPLIST_KEY_LSApplicationCategoryType = "public.app-category.education";
				INFOPLIST_KEY_UIApplicationSceneManifest_Generation = YES;
				INFOPLIST_KEY_UIApplicationSupportsIndirectInputEvents = YES;
				INFOPLIST_KEY_UILaunchScreen_Generation = YES;
				INFOPLIST_KEY_UILaunchStoryboardName = LaunchScreen.storyboard;
				INFOPLIST_KEY_UIStatusBarHidden = YES;
				INFOPLIST_KEY_UIStatusBarStyle = "";
				INFOPLIST_KEY_UISupportedInterfaceOrientations_iPad = "UIInterfaceOrientationPortrait UIInterfaceOrientationPortraitUpsideDown UIInterfaceOrientationLandscapeLeft UIInterfaceOrientationLandscapeRight";
				INFOPLIST_KEY_UISupportedInterfaceOrientations_iPhone = "UIInterfaceOrientationPortrait UIInterfaceOrientationLandscapeLeft UIInterfaceOrientationLandscapeRight";
				LD_RUNPATH_SEARCH_PATHS = (
					"$(inherited)",
					"@executable_path/Frameworks",
				);
				MARKETING_VERSION = 1.0;
				PRODUCT_BUNDLE_IDENTIFIER = de.tum.cit.apollon;
				PRODUCT_NAME = "$(TARGET_NAME)";
				SWIFT_EMIT_LOC_STRINGS = YES;
				SWIFT_VERSION = 5.0;
				TARGETED_DEVICE_FAMILY = "1,2";
			};
			name = Debug;
		};
		F734D1692B17980E00435866 /* Release */ = {
			isa = XCBuildConfiguration;
			buildSettings = {
				ASSETCATALOG_COMPILER_APPICON_NAME = AppIcon;
				ASSETCATALOG_COMPILER_GLOBAL_ACCENT_COLOR_NAME = AccentColor;
				ASSETCATALOG_COMPILER_INCLUDE_ALL_APPICON_ASSETS = YES;
				CODE_SIGN_STYLE = Automatic;
				CURRENT_PROJECT_VERSION = 1;
				DEVELOPMENT_ASSET_PATHS = "Apollon/Common/Preview\\ Content";
				DEVELOPMENT_TEAM = "";
				ENABLE_PREVIEWS = YES;
				GENERATE_INFOPLIST_FILE = YES;
				INFOPLIST_FILE = Apollon/Supporting/Info.plist;
				INFOPLIST_KEY_CFBundleDisplayName = Apollon;
				INFOPLIST_KEY_LSApplicationCategoryType = "public.app-category.education";
				INFOPLIST_KEY_UIApplicationSceneManifest_Generation = YES;
				INFOPLIST_KEY_UIApplicationSupportsIndirectInputEvents = YES;
				INFOPLIST_KEY_UILaunchScreen_Generation = YES;
				INFOPLIST_KEY_UILaunchStoryboardName = LaunchScreen.storyboard;
				INFOPLIST_KEY_UIStatusBarHidden = YES;
				INFOPLIST_KEY_UIStatusBarStyle = "";
				INFOPLIST_KEY_UISupportedInterfaceOrientations_iPad = "UIInterfaceOrientationPortrait UIInterfaceOrientationPortraitUpsideDown UIInterfaceOrientationLandscapeLeft UIInterfaceOrientationLandscapeRight";
				INFOPLIST_KEY_UISupportedInterfaceOrientations_iPhone = "UIInterfaceOrientationPortrait UIInterfaceOrientationLandscapeLeft UIInterfaceOrientationLandscapeRight";
				LD_RUNPATH_SEARCH_PATHS = (
					"$(inherited)",
					"@executable_path/Frameworks",
				);
				MARKETING_VERSION = 1.0;
				PRODUCT_BUNDLE_IDENTIFIER = de.tum.cit.apollon;
				PRODUCT_NAME = "$(TARGET_NAME)";
				SWIFT_EMIT_LOC_STRINGS = YES;
				SWIFT_VERSION = 5.0;
				TARGETED_DEVICE_FAMILY = "1,2";
			};
			name = Release;
		};
/* End XCBuildConfiguration section */

/* Begin XCConfigurationList section */
		F734D13C2B17980D00435866 /* Build configuration list for PBXProject "Apollon" */ = {
			isa = XCConfigurationList;
			buildConfigurations = (
				F734D1652B17980E00435866 /* Debug */,
				F734D1662B17980E00435866 /* Release */,
			);
			defaultConfigurationIsVisible = 0;
			defaultConfigurationName = Release;
		};
		F734D1672B17980E00435866 /* Build configuration list for PBXNativeTarget "Apollon" */ = {
			isa = XCConfigurationList;
			buildConfigurations = (
				F734D1682B17980E00435866 /* Debug */,
				F734D1692B17980E00435866 /* Release */,
			);
			defaultConfigurationIsVisible = 0;
			defaultConfigurationName = Release;
		};
/* End XCConfigurationList section */

/* Begin XCRemoteSwiftPackageReference section */
		F734D19B2B179AEA00435866 /* XCRemoteSwiftPackageReference "apollon-ios-module" */ = {
			isa = XCRemoteSwiftPackageReference;
			repositoryURL = "https://github.com/ls1intum/apollon-ios-module";
			requirement = {
				kind = upToNextMajorVersion;
				minimumVersion = 1.0.2;
			};
		};
/* End XCRemoteSwiftPackageReference section */

/* Begin XCSwiftPackageProductDependency section */
		F734D19C2B179AEA00435866 /* ApollonEdit */ = {
			isa = XCSwiftPackageProductDependency;
			package = F734D19B2B179AEA00435866 /* XCRemoteSwiftPackageReference "apollon-ios-module" */;
			productName = ApollonEdit;
		};
		F734D19E2B179AEA00435866 /* ApollonShared */ = {
			isa = XCSwiftPackageProductDependency;
			package = F734D19B2B179AEA00435866 /* XCRemoteSwiftPackageReference "apollon-ios-module" */;
			productName = ApollonShared;
		};
		F734D1A02B179AEA00435866 /* ApollonView */ = {
			isa = XCSwiftPackageProductDependency;
			package = F734D19B2B179AEA00435866 /* XCRemoteSwiftPackageReference "apollon-ios-module" */;
			productName = ApollonView;
		};
/* End XCSwiftPackageProductDependency section */
	};
	rootObject = F734D1392B17980D00435866 /* Project object */;
}
